
Microsoft Visual Studio Solution File, Format Version 12.00
# Visual Studio Version 17
VisualStudioVersion = 17.1.32407.343
MinimumVisualStudioVersion = 10.0.40219.1
Project("{54A90642-561A-4BB1-A94E-469ADEE60C69}") = "NewDatingApp", "NewDatingApp.esproj", "{20182C83-467F-43EB-A54E-3522FC4AD2DD}"
EndProject
Global
	GlobalSection(SolutionConfigurationPlatforms) = preSolution
		Debug|Any CPU = Debug|Any CPU
		Release|Any CPU = Release|Any CPU
	EndGlobalSection
	GlobalSection(ProjectConfigurationPlatforms) = postSolution
		{20182C83-467F-43EB-A54E-3522FC4AD2DD}.Debug|Any CPU.ActiveCfg = Debug|Any CPU
		{20182C83-467F-43EB-A54E-3522FC4AD2DD}.Debug|Any CPU.Build.0 = Debug|Any CPU
		{20182C83-467F-43EB-A54E-3522FC4AD2DD}.Debug|Any CPU.Deploy.0 = Debug|Any CPU
		{20182C83-467F-43EB-A54E-3522FC4AD2DD}.Release|Any CPU.ActiveCfg = Release|Any CPU
		{20182C83-467F-43EB-A54E-3522FC4AD2DD}.Release|Any CPU.Build.0 = Release|Any CPU
		{20182C83-467F-43EB-A54E-3522FC4AD2DD}.Release|Any CPU.Deploy.0 = Release|Any CPU
	EndGlobalSection
	GlobalSection(SolutionProperties) = preSolution
		HideSolutionNode = FALSE
	EndGlobalSection
	GlobalSection(ExtensibilityGlobals) = postSolution
		SolutionGuid = {848E14E6-7822-4759-9658-D7718C2E5B59}
	EndGlobalSection
EndGlobal
